
Microsoft Visual Studio Solution File, Format Version 12.00
# Visual Studio Version 17
VisualStudioVersion = 17.4.33103.184
MinimumVisualStudioVersion = 10.0.40219.1
Project("{FAE04EC0-301F-11D3-BF4B-00C04F79EFBC}") = "MyBigInteger", "MyBigInteger\MyBigInteger.csproj", "{C98CB772-5C29-44EE-9703-C3053937729A}"
EndProject
Global
	GlobalSection(SolutionConfigurationPlatforms) = preSolution
		Debug|Any CPU = Debug|Any CPU
		Release|Any CPU = Release|Any CPU
	EndGlobalSection
	GlobalSection(ProjectConfigurationPlatforms) = postSolution
		{C98CB772-5C29-44EE-9703-C3053937729A}.Debug|Any CPU.ActiveCfg = Debug|Any CPU
		{C98CB772-5C29-44EE-9703-C3053937729A}.Debug|Any CPU.Build.0 = Debug|Any CPU
		{C98CB772-5C29-44EE-9703-C3053937729A}.Release|Any CPU.ActiveCfg = Release|Any CPU
		{C98CB772-5C29-44EE-9703-C3053937729A}.Release|Any CPU.Build.0 = Release|Any CPU
	EndGlobalSection
	GlobalSection(SolutionProperties) = preSolution
		HideSolutionNode = FALSE
	EndGlobalSection
	GlobalSection(ExtensibilityGlobals) = postSolution
		SolutionGuid = {B8F86F5E-A61C-414A-AE62-E9D7CA662ACF}
	EndGlobalSection
EndGlobal
