
Microsoft Visual Studio Solution File, Format Version 12.00
# Visual Studio Version 17
VisualStudioVersion = 17.1.32407.343
MinimumVisualStudioVersion = 10.0.40219.1
Project("{FAE04EC0-301F-11D3-BF4B-00C04F79EFBC}") = "Project2", "Project2\Project2.csproj", "{D6EC2358-919E-423E-8B01-E5BDCA738DCB}"
EndProject
Global
	GlobalSection(SolutionConfigurationPlatforms) = preSolution
		Debug|Any CPU = Debug|Any CPU
		Release|Any CPU = Release|Any CPU
	EndGlobalSection
	GlobalSection(ProjectConfigurationPlatforms) = postSolution
		{D6EC2358-919E-423E-8B01-E5BDCA738DCB}.Debug|Any CPU.ActiveCfg = Debug|Any CPU
		{D6EC2358-919E-423E-8B01-E5BDCA738DCB}.Debug|Any CPU.Build.0 = Debug|Any CPU
		{D6EC2358-919E-423E-8B01-E5BDCA738DCB}.Release|Any CPU.ActiveCfg = Release|Any CPU
		{D6EC2358-919E-423E-8B01-E5BDCA738DCB}.Release|Any CPU.Build.0 = Release|Any CPU
	EndGlobalSection
	GlobalSection(SolutionProperties) = preSolution
		HideSolutionNode = FALSE
	EndGlobalSection
	GlobalSection(ExtensibilityGlobals) = postSolution
		SolutionGuid = {43F48C88-41AB-420D-9EB9-06AE2EF21E5E}
	EndGlobalSection
EndGlobal
