
Microsoft Visual Studio Solution File, Format Version 12.00
# Visual Studio Version 17
VisualStudioVersion = 17.4.33122.133
MinimumVisualStudioVersion = 10.0.40219.1
Project("{FAE04EC0-301F-11D3-BF4B-00C04F79EFBC}") = "1213", "1213\1213.csproj", "{69E26CF3-B0B6-474C-BD0C-E0DBF4E241BC}"
EndProject
Global
	GlobalSection(SolutionConfigurationPlatforms) = preSolution
		Debug|Any CPU = Debug|Any CPU
		Release|Any CPU = Release|Any CPU
	EndGlobalSection
	GlobalSection(ProjectConfigurationPlatforms) = postSolution
		{69E26CF3-B0B6-474C-BD0C-E0DBF4E241BC}.Debug|Any CPU.ActiveCfg = Debug|Any CPU
		{69E26CF3-B0B6-474C-BD0C-E0DBF4E241BC}.Debug|Any CPU.Build.0 = Debug|Any CPU
		{69E26CF3-B0B6-474C-BD0C-E0DBF4E241BC}.Release|Any CPU.ActiveCfg = Release|Any CPU
		{69E26CF3-B0B6-474C-BD0C-E0DBF4E241BC}.Release|Any CPU.Build.0 = Release|Any CPU
	EndGlobalSection
	GlobalSection(SolutionProperties) = preSolution
		HideSolutionNode = FALSE
	EndGlobalSection
	GlobalSection(ExtensibilityGlobals) = postSolution
		SolutionGuid = {51F621EA-6846-4EDB-92DA-3203F71B4F4A}
	EndGlobalSection
EndGlobal
